
Microsoft Visual Studio Solution File, Format Version 12.00
# Visual Studio Version 17
VisualStudioVersion = 17.0.31903.59
MinimumVisualStudioVersion = 10.0.40219.1
Project("{2150E333-8FDC-42A3-9474-1A3956D46DE8}") = "apps", "apps", "{E0A1FBD9-0285-47D6-BEB6-CD7B8BFC8E47}"
EndProject
Project("{FAE04EC0-301F-11D3-BF4B-00C04F79EFBC}") = "MigrationPlatform.Api", "apps\api\MigrationPlatform.Api.csproj", "{8F5CFAAA-63E5-4809-872F-61F59CA89CBD}"
EndProject
Project("{2150E333-8FDC-42A3-9474-1A3956D46DE8}") = "tests", "tests", "{A486C941-1784-414E-A05F-3C7A4B5FC19C}"
EndProject
Project("{FAE04EC0-301F-11D3-BF4B-00C04F79EFBC}") = "MigrationPlatform.Api.Tests", "tests\MigrationPlatform.Api.Tests\MigrationPlatform.Api.Tests.csproj", "{15B1A8A0-C4D4-4286-AFE9-33CEAD63A400}"
EndProject
Global
	GlobalSection(SolutionConfigurationPlatforms) = preSolution
		Debug|Any CPU = Debug|Any CPU
		Release|Any CPU = Release|Any CPU
	EndGlobalSection
	GlobalSection(SolutionProperties) = preSolution
		HideSolutionNode = FALSE
	EndGlobalSection
	GlobalSection(ProjectConfigurationPlatforms) = postSolution
		{8F5CFAAA-63E5-4809-872F-61F59CA89CBD}.Debug|Any CPU.ActiveCfg = Debug|Any CPU
		{8F5CFAAA-63E5-4809-872F-61F59CA89CBD}.Debug|Any CPU.Build.0 = Debug|Any CPU
		{8F5CFAAA-63E5-4809-872F-61F59CA89CBD}.Release|Any CPU.ActiveCfg = Release|Any CPU
		{8F5CFAAA-63E5-4809-872F-61F59CA89CBD}.Release|Any CPU.Build.0 = Release|Any CPU
		{15B1A8A0-C4D4-4286-AFE9-33CEAD63A400}.Debug|Any CPU.ActiveCfg = Debug|Any CPU
		{15B1A8A0-C4D4-4286-AFE9-33CEAD63A400}.Debug|Any CPU.Build.0 = Debug|Any CPU
		{15B1A8A0-C4D4-4286-AFE9-33CEAD63A400}.Release|Any CPU.ActiveCfg = Release|Any CPU
		{15B1A8A0-C4D4-4286-AFE9-33CEAD63A400}.Release|Any CPU.Build.0 = Release|Any CPU
	EndGlobalSection
	GlobalSection(NestedProjects) = preSolution
		{8F5CFAAA-63E5-4809-872F-61F59CA89CBD} = {E0A1FBD9-0285-47D6-BEB6-CD7B8BFC8E47}
		{15B1A8A0-C4D4-4286-AFE9-33CEAD63A400} = {A486C941-1784-414E-A05F-3C7A4B5FC19C}
	EndGlobalSection
EndGlobal
